
Microsoft Visual Studio Solution File, Format Version 12.00
# Visual Studio 14
VisualStudioVersion = 14.0.25123.0
MinimumVisualStudioVersion = 10.0.40219.1
Project("{FAE04EC0-301F-11D3-BF4B-00C04F79EFBC}") = "SGBank.UI", "SGBank.UI\SGBank.UI.csproj", "{3EBD9650-C7B8-4B5D-9A1C-F2C9C376FD5A}"
EndProject
Project("{FAE04EC0-301F-11D3-BF4B-00C04F79EFBC}") = "SGBank.BLL", "SGBank.BLL\SGBank.BLL.csproj", "{906B7B52-CEE6-4CD4-9F3E-7120730FC551}"
EndProject
Project("{FAE04EC0-301F-11D3-BF4B-00C04F79EFBC}") = "SGBank.Data", "SGBank.Data\SGBank.Data.csproj", "{33B03380-3BF2-4D0B-864C-29FF91F98687}"
EndProject
Project("{FAE04EC0-301F-11D3-BF4B-00C04F79EFBC}") = "SGBank.Models", "SGBank.Models\SGBank.Models.csproj", "{A43A342F-3CC6-4CC4-854B-D92F9DE669D9}"
EndProject
Project("{FAE04EC0-301F-11D3-BF4B-00C04F79EFBC}") = "SGBank.Tests", "SGBank.Tests\SGBank.Tests.csproj", "{EA06BDD0-1BAC-4CE1-AAA8-3A557187C9C0}"
EndProject
Global
	GlobalSection(SolutionConfigurationPlatforms) = preSolution
		Debug|Any CPU = Debug|Any CPU
		Release|Any CPU = Release|Any CPU
	EndGlobalSection
	GlobalSection(ProjectConfigurationPlatforms) = postSolution
		{3EBD9650-C7B8-4B5D-9A1C-F2C9C376FD5A}.Debug|Any CPU.ActiveCfg = Debug|Any CPU
		{3EBD9650-C7B8-4B5D-9A1C-F2C9C376FD5A}.Debug|Any CPU.Build.0 = Debug|Any CPU
		{3EBD9650-C7B8-4B5D-9A1C-F2C9C376FD5A}.Release|Any CPU.ActiveCfg = Release|Any CPU
		{3EBD9650-C7B8-4B5D-9A1C-F2C9C376FD5A}.Release|Any CPU.Build.0 = Release|Any CPU
		{906B7B52-CEE6-4CD4-9F3E-7120730FC551}.Debug|Any CPU.ActiveCfg = Debug|Any CPU
		{906B7B52-CEE6-4CD4-9F3E-7120730FC551}.Debug|Any CPU.Build.0 = Debug|Any CPU
		{906B7B52-CEE6-4CD4-9F3E-7120730FC551}.Release|Any CPU.ActiveCfg = Release|Any CPU
		{906B7B52-CEE6-4CD4-9F3E-7120730FC551}.Release|Any CPU.Build.0 = Release|Any CPU
		{33B03380-3BF2-4D0B-864C-29FF91F98687}.Debug|Any CPU.ActiveCfg = Debug|Any CPU
		{33B03380-3BF2-4D0B-864C-29FF91F98687}.Debug|Any CPU.Build.0 = Debug|Any CPU
		{33B03380-3BF2-4D0B-864C-29FF91F98687}.Release|Any CPU.ActiveCfg = Release|Any CPU
		{33B03380-3BF2-4D0B-864C-29FF91F98687}.Release|Any CPU.Build.0 = Release|Any CPU
		{A43A342F-3CC6-4CC4-854B-D92F9DE669D9}.Debug|Any CPU.ActiveCfg = Debug|Any CPU
		{A43A342F-3CC6-4CC4-854B-D92F9DE669D9}.Debug|Any CPU.Build.0 = Debug|Any CPU
		{A43A342F-3CC6-4CC4-854B-D92F9DE669D9}.Release|Any CPU.ActiveCfg = Release|Any CPU
		{A43A342F-3CC6-4CC4-854B-D92F9DE669D9}.Release|Any CPU.Build.0 = Release|Any CPU
		{EA06BDD0-1BAC-4CE1-AAA8-3A557187C9C0}.Debug|Any CPU.ActiveCfg = Debug|Any CPU
		{EA06BDD0-1BAC-4CE1-AAA8-3A557187C9C0}.Debug|Any CPU.Build.0 = Debug|Any CPU
		{EA06BDD0-1BAC-4CE1-AAA8-3A557187C9C0}.Release|Any CPU.ActiveCfg = Release|Any CPU
		{EA06BDD0-1BAC-4CE1-AAA8-3A557187C9C0}.Release|Any CPU.Build.0 = Release|Any CPU
	EndGlobalSection
	GlobalSection(SolutionProperties) = preSolution
		HideSolutionNode = FALSE
	EndGlobalSection
EndGlobal
